
Microsoft Visual Studio Solution File, Format Version 12.00
# Visual Studio 15
VisualStudioVersion = 15.0.27703.2042
MinimumVisualStudioVersion = 10.0.40219.1
Project("{FAE04EC0-301F-11D3-BF4B-00C04F79EFBC}") = "Kitchenary", "Kitchenary\Kitchenary.csproj", "{CFE1F6EC-1F3D-40D6-A810-AFE60388F51A}"
EndProject
Global
	GlobalSection(SolutionConfigurationPlatforms) = preSolution
		Debug|Any CPU = Debug|Any CPU
		Release|Any CPU = Release|Any CPU
	EndGlobalSection
	GlobalSection(ProjectConfigurationPlatforms) = postSolution
		{CFE1F6EC-1F3D-40D6-A810-AFE60388F51A}.Debug|Any CPU.ActiveCfg = Debug|Any CPU
		{CFE1F6EC-1F3D-40D6-A810-AFE60388F51A}.Debug|Any CPU.Build.0 = Debug|Any CPU
		{CFE1F6EC-1F3D-40D6-A810-AFE60388F51A}.Release|Any CPU.ActiveCfg = Release|Any CPU
		{CFE1F6EC-1F3D-40D6-A810-AFE60388F51A}.Release|Any CPU.Build.0 = Release|Any CPU
	EndGlobalSection
	GlobalSection(SolutionProperties) = preSolution
		HideSolutionNode = FALSE
	EndGlobalSection
	GlobalSection(ExtensibilityGlobals) = postSolution
		SolutionGuid = {CBB1BC8F-7066-4174-BF8E-7B5AD5D15885}
	EndGlobalSection
EndGlobal
